
Microsoft Visual Studio Solution File, Format Version 12.00
# Visual Studio Version 16
VisualStudioVersion = 16.0.31321.278
MinimumVisualStudioVersion = 10.0.40219.1
Project("{9A19103F-16F7-4668-BE54-9A1E7A4F7556}") = "password.api", "password.api\password.api.csproj", "{263558A4-2567-49A1-BACB-3AF564495576}"
EndProject
Project("{FAE04EC0-301F-11D3-BF4B-00C04F79EFBC}") = "password.tests", "password.tests\password.tests.csproj", "{811A58BD-6686-471C-B974-D2996ADFF1CE}"
EndProject
Global
	GlobalSection(SolutionConfigurationPlatforms) = preSolution
		Debug|Any CPU = Debug|Any CPU
		Release|Any CPU = Release|Any CPU
	EndGlobalSection
	GlobalSection(ProjectConfigurationPlatforms) = postSolution
		{263558A4-2567-49A1-BACB-3AF564495576}.Debug|Any CPU.ActiveCfg = Debug|Any CPU
		{263558A4-2567-49A1-BACB-3AF564495576}.Debug|Any CPU.Build.0 = Debug|Any CPU
		{263558A4-2567-49A1-BACB-3AF564495576}.Release|Any CPU.ActiveCfg = Release|Any CPU
		{263558A4-2567-49A1-BACB-3AF564495576}.Release|Any CPU.Build.0 = Release|Any CPU
		{811A58BD-6686-471C-B974-D2996ADFF1CE}.Debug|Any CPU.ActiveCfg = Debug|Any CPU
		{811A58BD-6686-471C-B974-D2996ADFF1CE}.Debug|Any CPU.Build.0 = Debug|Any CPU
		{811A58BD-6686-471C-B974-D2996ADFF1CE}.Release|Any CPU.ActiveCfg = Release|Any CPU
		{811A58BD-6686-471C-B974-D2996ADFF1CE}.Release|Any CPU.Build.0 = Release|Any CPU
	EndGlobalSection
	GlobalSection(SolutionProperties) = preSolution
		HideSolutionNode = FALSE
	EndGlobalSection
	GlobalSection(ExtensibilityGlobals) = postSolution
		SolutionGuid = {7F7569B3-F270-4F0D-8D47-AB2020E1CDD8}
	EndGlobalSection
EndGlobal
